
Microsoft Visual Studio Solution File, Format Version 12.00
# Visual Studio Version 16
VisualStudioVersion = 16.0.30114.105
MinimumVisualStudioVersion = 10.0.40219.1
Project("{2150E333-8FDC-42A3-9474-1A3956D46DE8}") = "src", "src", "{D675E4AA-F5CE-4184-B0E6-ACB33BB6B7AE}"
EndProject
Project("{FAE04EC0-301F-11D3-BF4B-00C04F79EFBC}") = "Api", "src\Api\Api.csproj", "{FE495A82-A8BD-402B-A404-C3F8D7B908CA}"
EndProject
Global
	GlobalSection(SolutionConfigurationPlatforms) = preSolution
		Debug|Any CPU = Debug|Any CPU
		Release|Any CPU = Release|Any CPU
	EndGlobalSection
	GlobalSection(SolutionProperties) = preSolution
		HideSolutionNode = FALSE
	EndGlobalSection
	GlobalSection(ProjectConfigurationPlatforms) = postSolution
		{FE495A82-A8BD-402B-A404-C3F8D7B908CA}.Debug|Any CPU.ActiveCfg = Debug|Any CPU
		{FE495A82-A8BD-402B-A404-C3F8D7B908CA}.Debug|Any CPU.Build.0 = Debug|Any CPU
		{FE495A82-A8BD-402B-A404-C3F8D7B908CA}.Release|Any CPU.ActiveCfg = Release|Any CPU
		{FE495A82-A8BD-402B-A404-C3F8D7B908CA}.Release|Any CPU.Build.0 = Release|Any CPU
	EndGlobalSection
	GlobalSection(NestedProjects) = preSolution
		{FE495A82-A8BD-402B-A404-C3F8D7B908CA} = {D675E4AA-F5CE-4184-B0E6-ACB33BB6B7AE}
	EndGlobalSection
EndGlobal
